
Microsoft Visual Studio Solution File, Format Version 12.00
Project("{FAE04EC0-301F-11D3-BF4B-00C04F79EFBC}") = "mdpRandom1", "mdpRandom1\mdpRandom1.csproj", "{9A2D852D-E042-4AE5-A096-0FABA2CCB823}"
EndProject
Project("{FAE04EC0-301F-11D3-BF4B-00C04F79EFBC}") = "CryptoLib", "CryptoLib\CryptoLib.csproj", "{C3279309-C19B-4BDC-B626-15215E6E03EC}"
EndProject
Global
	GlobalSection(SolutionConfigurationPlatforms) = preSolution
		Debug|Any CPU = Debug|Any CPU
		Release|Any CPU = Release|Any CPU
	EndGlobalSection
	GlobalSection(ProjectConfigurationPlatforms) = postSolution
		{9A2D852D-E042-4AE5-A096-0FABA2CCB823}.Debug|Any CPU.ActiveCfg = Debug|Any CPU
		{9A2D852D-E042-4AE5-A096-0FABA2CCB823}.Debug|Any CPU.Build.0 = Debug|Any CPU
		{9A2D852D-E042-4AE5-A096-0FABA2CCB823}.Release|Any CPU.ActiveCfg = Release|Any CPU
		{9A2D852D-E042-4AE5-A096-0FABA2CCB823}.Release|Any CPU.Build.0 = Release|Any CPU
		{C3279309-C19B-4BDC-B626-15215E6E03EC}.Debug|Any CPU.ActiveCfg = Debug|Any CPU
		{C3279309-C19B-4BDC-B626-15215E6E03EC}.Debug|Any CPU.Build.0 = Debug|Any CPU
		{C3279309-C19B-4BDC-B626-15215E6E03EC}.Release|Any CPU.ActiveCfg = Release|Any CPU
		{C3279309-C19B-4BDC-B626-15215E6E03EC}.Release|Any CPU.Build.0 = Release|Any CPU
	EndGlobalSection
EndGlobal
